{
  "name": "icarus-openmct",
  "version": "1.0.0",
  "lockfileVersion": 3,
  "requires": true,
  "packages": {
    "": {
      "name": "icarus-openmct",
      "version": "1.0.0",
      "dependencies": {
        "openmct": "^4.3.1"
      }
    },
    "node_modules/fsevents": {
      "version": "2.3.2",
      "resolved": "https://registry.npmjs.org/fsevents/-/fsevents-2.3.2.tgz",
      "integrity": "sha512-xiqMQR4xAeHTuB9uWm+fFRcIOgKBMiOBP+eXiyT7jsgVCq1bkVygt00oASowB7EdtpOHaaPgKt812P9ab+DDKA==",
      "hasInstallScript": true,
      "license": "MIT",
      "optional": true,
      "os": [
        "darwin"
      ],
      "engines": {
        "node": "^8.16.0 || ^10.6.0 || >=11.0.0"
      }
    },
    "node_modules/openmct": {
      "version": "4.3.1",
      "resolved": "https://registry.npmjs.org/openmct/-/openmct-4.3.1.tgz",
      "integrity": "sha512-MBpBmuxmEEK/DFjlXxrGEKyjm/suN7mIuFjGu4fnniUBv5lKqrzm1RuVEhnCfsIhig1NsVG4SL9apsAJXQFWcA==",
      "license": "Apache-2.0",
      "workspaces": [
        "e2e"
      ],
      "engines": {
        "node": ">=24.14.1"
      },
      "optionalDependencies": {
        "fsevents": "2.3.2"
      }
    }
  }
}
